
Microsoft Visual Studio Solution File, Format Version 12.00
# Visual Studio Version 17
VisualStudioVersion = 17.14.36109.1 d17.14
MinimumVisualStudioVersion = 10.0.40219.1
Project("{FAE04EC0-301F-11D3-BF4B-00C04F79EFBC}") = "Book Libraray", "Book Libraray.csproj", "{ADCACD8E-8FE8-719E-B712-DFB37C43B788}"
EndProject
Global
	GlobalSection(SolutionConfigurationPlatforms) = preSolution
		Debug|Any CPU = Debug|Any CPU
		Release|Any CPU = Release|Any CPU
	EndGlobalSection
	GlobalSection(ProjectConfigurationPlatforms) = postSolution
		{ADCACD8E-8FE8-719E-B712-DFB37C43B788}.Debug|Any CPU.ActiveCfg = Debug|Any CPU
		{ADCACD8E-8FE8-719E-B712-DFB37C43B788}.Debug|Any CPU.Build.0 = Debug|Any CPU
		{ADCACD8E-8FE8-719E-B712-DFB37C43B788}.Release|Any CPU.ActiveCfg = Release|Any CPU
		{ADCACD8E-8FE8-719E-B712-DFB37C43B788}.Release|Any CPU.Build.0 = Release|Any CPU
	EndGlobalSection
	GlobalSection(SolutionProperties) = preSolution
		HideSolutionNode = FALSE
	EndGlobalSection
	GlobalSection(ExtensibilityGlobals) = postSolution
		SolutionGuid = {CE4DD803-128D-4971-A7CA-6A7FE9DB777D}
	EndGlobalSection
EndGlobal
